// !$*UTF8*$!
{
	archiveVersion = 1;
	classes = {
	};
	objectVersion = 55;
	objects = {

/* Begin PBXBuildFile section */
		250344E92836DDAD00E567B7 /* UIView+Extensions.swift in Sources */ = {isa = PBXBuildFile; fileRef = 250344E82836DDAD00E567B7 /* UIView+Extensions.swift */; };
		250344EB2836DDC400E567B7 /* DateFormatter+Extensions.swift in Sources */ = {isa = PBXBuildFile; fileRef = 250344EA2836DDC400E567B7 /* DateFormatter+Extensions.swift */; };
		250344ED2836DDD600E567B7 /* String+Extensions.swift in Sources */ = {isa = PBXBuildFile; fileRef = 250344EC2836DDD600E567B7 /* String+Extensions.swift */; };
		250344F12836DDF800E567B7 /* AVQueuePlayer+Extensions.swift in Sources */ = {isa = PBXBuildFile; fileRef = 250344F02836DDF800E567B7 /* AVQueuePlayer+Extensions.swift */; };
		250344F32836DE1300E567B7 /* Notification+Extensions.swift in Sources */ = {isa = PBXBuildFile; fileRef = 250344F22836DE1300E567B7 /* Notification+Extensions.swift */; };
		250355962835283F0008AFD4 /* LibraryAlbumsResponse.swift in Sources */ = {isa = PBXBuildFile; fileRef = 250355952835283F0008AFD4 /* LibraryAlbumsResponse.swift */; };
		2503559A2835B5E50008AFD4 /* SavedAlbum.swift in Sources */ = {isa = PBXBuildFile; fileRef = 250355992835B5E50008AFD4 /* SavedAlbum.swift */; };
		2509C1C8281486B400EAF5C0 /* SettingsModels.swift in Sources */ = {isa = PBXBuildFile; fileRef = 2509C1C7281486B400EAF5C0 /* SettingsModels.swift */; };
		253E92E62824793700449249 /* AlbumTrackCollectionViewCell.swift in Sources */ = {isa = PBXBuildFile; fileRef = 253E92E52824793700449249 /* AlbumTrackCollectionViewCell.swift */; };
		25538C762822EFEA00C57AD3 /* PlaylistHeaderCollectionReusableView.swift in Sources */ = {isa = PBXBuildFile; fileRef = 25538C752822EFEA00C57AD3 /* PlaylistHeaderCollectionReusableView.swift */; };
		25538C782822F29800C57AD3 /* PlaylistHeaderViewViewModel.swift in Sources */ = {isa = PBXBuildFile; fileRef = 25538C772822F29800C57AD3 /* PlaylistHeaderViewViewModel.swift */; };
		25538C7A2823163700C57AD3 /* TitleHeaderCollectionReusableView.swift in Sources */ = {isa = PBXBuildFile; fileRef = 25538C792823163700C57AD3 /* TitleHeaderCollectionReusableView.swift */; };
		25552A312827F22F0032E5EF /* AllCategoriesResponse.swift in Sources */ = {isa = PBXBuildFile; fileRef = 25552A302827F22F0032E5EF /* AllCategoriesResponse.swift */; };
		25552A332828749B0032E5EF /* PlaylistResponse.swift in Sources */ = {isa = PBXBuildFile; fileRef = 25552A322828749B0032E5EF /* PlaylistResponse.swift */; };
		25552A35282874C30032E5EF /* CategoryPlaylistsResponse.swift in Sources */ = {isa = PBXBuildFile; fileRef = 25552A34282874C30032E5EF /* CategoryPlaylistsResponse.swift */; };
		25552A3728287A310032E5EF /* CategoryCollectionViewCellViewModel.swift in Sources */ = {isa = PBXBuildFile; fileRef = 25552A3628287A310032E5EF /* CategoryCollectionViewCellViewModel.swift */; };
		25552A39282882CE0032E5EF /* CategoryViewController.swift in Sources */ = {isa = PBXBuildFile; fileRef = 25552A38282882CE0032E5EF /* CategoryViewController.swift */; };
		25552A3B2829C03B0032E5EF /* SearchResultsResponse.swift in Sources */ = {isa = PBXBuildFile; fileRef = 25552A3A2829C03B0032E5EF /* SearchResultsResponse.swift */; };
		25552A3D2829C26D0032E5EF /* SearchResult.swift in Sources */ = {isa = PBXBuildFile; fileRef = 25552A3C2829C26D0032E5EF /* SearchResult.swift */; };
		25552A40282C16220032E5EF /* SearchResultDefaultTableViewCell.swift in Sources */ = {isa = PBXBuildFile; fileRef = 25552A3F282C16220032E5EF /* SearchResultDefaultTableViewCell.swift */; };
		25552A43282C189F0032E5EF /* SearchResultDefaultTableViewCellViewModel.swift in Sources */ = {isa = PBXBuildFile; fileRef = 25552A42282C189F0032E5EF /* SearchResultDefaultTableViewCellViewModel.swift */; };
		25552A45282C1DE80032E5EF /* SearchResultSubtitleTableViewCell.swift in Sources */ = {isa = PBXBuildFile; fileRef = 25552A44282C1DE80032E5EF /* SearchResultSubtitleTableViewCell.swift */; };
		25552A47282C1F2D0032E5EF /* SearchResultSubtitleTableViewCellViewModel.swift in Sources */ = {isa = PBXBuildFile; fileRef = 25552A46282C1F2D0032E5EF /* SearchResultSubtitleTableViewCellViewModel.swift */; };
		25552A4E282C7C6B0032E5EF /* PlaybackPresenter.swift in Sources */ = {isa = PBXBuildFile; fileRef = 25552A4D282C7C6B0032E5EF /* PlaybackPresenter.swift */; };
		25552A50282C82C80032E5EF /* PlayerControlsView.swift in Sources */ = {isa = PBXBuildFile; fileRef = 25552A4F282C82C80032E5EF /* PlayerControlsView.swift */; };
		25552A52282D8F550032E5EF /* PlayerControlsViewViewModel.swift in Sources */ = {isa = PBXBuildFile; fileRef = 25552A51282D8F550032E5EF /* PlayerControlsViewViewModel.swift */; };
		25552A54282DA5CB0032E5EF /* AlbumsResponse.swift in Sources */ = {isa = PBXBuildFile; fileRef = 25552A53282DA5CB0032E5EF /* AlbumsResponse.swift */; };
		25552A56282DA5F90032E5EF /* Album.swift in Sources */ = {isa = PBXBuildFile; fileRef = 25552A55282DA5F90032E5EF /* Album.swift */; };
		25552A59282DD7140032E5EF /* LibraryPlaylistsViewController.swift in Sources */ = {isa = PBXBuildFile; fileRef = 25552A58282DD7140032E5EF /* LibraryPlaylistsViewController.swift */; };
		25552A5B282DD7380032E5EF /* LibraryAlbumsViewController.swift in Sources */ = {isa = PBXBuildFile; fileRef = 25552A5A282DD7380032E5EF /* LibraryAlbumsViewController.swift */; };
		25552A5D282DDC0A0032E5EF /* LibraryToggleView.swift in Sources */ = {isa = PBXBuildFile; fileRef = 25552A5C282DDC0A0032E5EF /* LibraryToggleView.swift */; };
		255CA97F2821B21F008C6B2B /* AlbumViewController.swift in Sources */ = {isa = PBXBuildFile; fileRef = 255CA97E2821B21F008C6B2B /* AlbumViewController.swift */; };
		255CA9812821BBA5008C6B2B /* AlbumDetailsResponse.swift in Sources */ = {isa = PBXBuildFile; fileRef = 255CA9802821BBA5008C6B2B /* AlbumDetailsResponse.swift */; };
		255CA9832821BF45008C6B2B /* PlaylistDetailsResponse.swift in Sources */ = {isa = PBXBuildFile; fileRef = 255CA9822821BF45008C6B2B /* PlaylistDetailsResponse.swift */; };
		255CA9852821C115008C6B2B /* TrackResponse.swift in Sources */ = {isa = PBXBuildFile; fileRef = 255CA9842821C115008C6B2B /* TrackResponse.swift */; };
		256519CA2815ED34004A5A75 /* NewReleasesResponse.swift in Sources */ = {isa = PBXBuildFile; fileRef = 256519C92815ED34004A5A75 /* NewReleasesResponse.swift */; };
		256519CC2815EEE3004A5A75 /* APIImage.swift in Sources */ = {isa = PBXBuildFile; fileRef = 256519CB2815EEE3004A5A75 /* APIImage.swift */; };
		25973D682811728400BC6FDC /* CryptoManager.swift in Sources */ = {isa = PBXBuildFile; fileRef = 25973D672811728400BC6FDC /* CryptoManager.swift */; };
		259CE3002816C34700D247DF /* FeaturedPlaylistsResponse.swift in Sources */ = {isa = PBXBuildFile; fileRef = 259CE2FF2816C34700D247DF /* FeaturedPlaylistsResponse.swift */; };
		259CE3022816D2F600D247DF /* RecommendedGenreResponse.swift in Sources */ = {isa = PBXBuildFile; fileRef = 259CE3012816D2F600D247DF /* RecommendedGenreResponse.swift */; };
		259CE30528172B5F00D247DF /* RecommendationsResponse.swift in Sources */ = {isa = PBXBuildFile; fileRef = 259CE30428172B5F00D247DF /* RecommendationsResponse.swift */; };
		25B4FB0C28109E23009DF190 /* AuthResponse.swift in Sources */ = {isa = PBXBuildFile; fileRef = 25B4FB0B28109E23009DF190 /* AuthResponse.swift */; };
		25BD9F63280856AC00CCACA6 /* AppDelegate.swift in Sources */ = {isa = PBXBuildFile; fileRef = 25BD9F62280856AC00CCACA6 /* AppDelegate.swift */; };
		25BD9F65280856AC00CCACA6 /* SceneDelegate.swift in Sources */ = {isa = PBXBuildFile; fileRef = 25BD9F64280856AC00CCACA6 /* SceneDelegate.swift */; };
		25BD9F67280856AC00CCACA6 /* HomeViewController.swift in Sources */ = {isa = PBXBuildFile; fileRef = 25BD9F66280856AC00CCACA6 /* HomeViewController.swift */; };
		25BD9F6C280856AF00CCACA6 /* Assets.xcassets in Resources */ = {isa = PBXBuildFile; fileRef = 25BD9F6B280856AF00CCACA6 /* Assets.xcassets */; };
		25BD9F6F280856AF00CCACA6 /* LaunchScreen.storyboard in Resources */ = {isa = PBXBuildFile; fileRef = 25BD9F6D280856AF00CCACA6 /* LaunchScreen.storyboard */; };
		25BD9F7D280865A600CCACA6 /* TabBarViewController.swift in Sources */ = {isa = PBXBuildFile; fileRef = 25BD9F7C280865A600CCACA6 /* TabBarViewController.swift */; };
		25BD9F7F2808660900CCACA6 /* SearchViewController.swift in Sources */ = {isa = PBXBuildFile; fileRef = 25BD9F7E2808660900CCACA6 /* SearchViewController.swift */; };
		25BD9F812808661600CCACA6 /* LibraryViewController.swift in Sources */ = {isa = PBXBuildFile; fileRef = 25BD9F802808661600CCACA6 /* LibraryViewController.swift */; };
		25BD9F852808664B00CCACA6 /* AuthViewController.swift in Sources */ = {isa = PBXBuildFile; fileRef = 25BD9F842808664B00CCACA6 /* AuthViewController.swift */; };
		25BD9F872808666200CCACA6 /* WelcomeViewController.swift in Sources */ = {isa = PBXBuildFile; fileRef = 25BD9F862808666200CCACA6 /* WelcomeViewController.swift */; };
		25BD9F892808668600CCACA6 /* SettingsViewController.swift in Sources */ = {isa = PBXBuildFile; fileRef = 25BD9F882808668600CCACA6 /* SettingsViewController.swift */; };
		25BD9F8B280866AA00CCACA6 /* ProfileViewController.swift in Sources */ = {isa = PBXBuildFile; fileRef = 25BD9F8A280866AA00CCACA6 /* ProfileViewController.swift */; };
		25BD9F8D280866BE00CCACA6 /* PlayerViewController.swift in Sources */ = {isa = PBXBuildFile; fileRef = 25BD9F8C280866BE00CCACA6 /* PlayerViewController.swift */; };
		25BD9F8F280866D700CCACA6 /* PlaylistViewController.swift in Sources */ = {isa = PBXBuildFile; fileRef = 25BD9F8E280866D700CCACA6 /* PlaylistViewController.swift */; };
		25BD9F91280866F100CCACA6 /* SearchResultsViewController.swift in Sources */ = {isa = PBXBuildFile; fileRef = 25BD9F90280866F100CCACA6 /* SearchResultsViewController.swift */; };
		25BD9F93280867BE00CCACA6 /* AuthManager.swift in Sources */ = {isa = PBXBuildFile; fileRef = 25BD9F92280867BE00CCACA6 /* AuthManager.swift */; };
		25BD9F95280867DB00CCACA6 /* APICaller.swift in Sources */ = {isa = PBXBuildFile; fileRef = 25BD9F94280867DB00CCACA6 /* APICaller.swift */; };
		25BD9F97280867E400CCACA6 /* HapticsManager.swift in Sources */ = {isa = PBXBuildFile; fileRef = 25BD9F96280867E400CCACA6 /* HapticsManager.swift */; };
		25BD9F992808683500CCACA6 /* Playlist.swift in Sources */ = {isa = PBXBuildFile; fileRef = 25BD9F982808683500CCACA6 /* Playlist.swift */; };
		25BD9F9B2808684300CCACA6 /* AudioTrack.swift in Sources */ = {isa = PBXBuildFile; fileRef = 25BD9F9A2808684300CCACA6 /* AudioTrack.swift */; };
		25BD9F9D2808684E00CCACA6 /* Artist.swift in Sources */ = {isa = PBXBuildFile; fileRef = 25BD9F9C2808684E00CCACA6 /* Artist.swift */; };
		25BD9F9F2808685500CCACA6 /* UserProfile.swift in Sources */ = {isa = PBXBuildFile; fileRef = 25BD9F9E2808685500CCACA6 /* UserProfile.swift */; };
		25BECD27281C6A4500EAE510 /* NewReleasesCellViewModel.swift in Sources */ = {isa = PBXBuildFile; fileRef = 25BECD25281C6A4500EAE510 /* NewReleasesCellViewModel.swift */; };
		25BECD28281C6A4500EAE510 /* FeaturedPlaylistCellViewModel.swift in Sources */ = {isa = PBXBuildFile; fileRef = 25BECD26281C6A4500EAE510 /* FeaturedPlaylistCellViewModel.swift */; };
		25BECD2A281C6AB100EAE510 /* RecommendedTrackCellViewModel.swift in Sources */ = {isa = PBXBuildFile; fileRef = 25BECD29281C6AB100EAE510 /* RecommendedTrackCellViewModel.swift */; };
		25D33839281856B90047A891 /* NewReleaseCollectionViewCell.swift in Sources */ = {isa = PBXBuildFile; fileRef = 25D33838281856B90047A891 /* NewReleaseCollectionViewCell.swift */; };
		25D3383B281856E50047A891 /* FeaturedPlaylistCollectionViewCell.swift in Sources */ = {isa = PBXBuildFile; fileRef = 25D3383A281856E50047A891 /* FeaturedPlaylistCollectionViewCell.swift */; };
		25D3383D2818571F0047A891 /* RecommendedTrackCollectionViewCell.swift in Sources */ = {isa = PBXBuildFile; fileRef = 25D3383C2818571F0047A891 /* RecommendedTrackCollectionViewCell.swift */; };
		25EB7C83282590960014ED59 /* AlbumCollectionViewCellViewModel.swift in Sources */ = {isa = PBXBuildFile; fileRef = 25EB7C82282590960014ED59 /* AlbumCollectionViewCellViewModel.swift */; };
		25EFD5B52832D2D2008EB500 /* User.swift in Sources */ = {isa = PBXBuildFile; fileRef = 25EFD5B42832D2D2008EB500 /* User.swift */; };
		25EFD5B72832D309008EB500 /* LibraryPlaylistsResponse.swift in Sources */ = {isa = PBXBuildFile; fileRef = 25EFD5B62832D309008EB500 /* LibraryPlaylistsResponse.swift */; };
		25EFD5BA2832DB2D008EB500 /* ActionLabelView.swift in Sources */ = {isa = PBXBuildFile; fileRef = 25EFD5B92832DB2D008EB500 /* ActionLabelView.swift */; };
		25EFD5BC2832DEBD008EB500 /* ActionLabelViewViewModel.swift in Sources */ = {isa = PBXBuildFile; fileRef = 25EFD5BB2832DEBD008EB500 /* ActionLabelViewViewModel.swift */; };
		25FE77BD282716D900FF20DB /* GenreCollectionViewCell.swift in Sources */ = {isa = PBXBuildFile; fileRef = 25FE77BC282716D900FF20DB /* GenreCollectionViewCell.swift */; };
		AA5465904C636586202934E5 /* Pods_SpotifyApp.framework in Frameworks */ = {isa = PBXBuildFile; fileRef = EC2E65BA56FDC4E64AE1E30B /* Pods_SpotifyApp.framework */; };
/* End PBXBuildFile section */

/* Begin PBXFileReference section */
		00678E3A32A6B1F77314FD43 /* Pods-SpotifyApp.release.xcconfig */ = {isa = PBXFileReference; includeInIndex = 1; lastKnownFileType = text.xcconfig; name = "Pods-SpotifyApp.release.xcconfig"; path = "Target Support Files/Pods-SpotifyApp/Pods-SpotifyApp.release.xcconfig"; sourceTree = "<group>"; };
		250344E82836DDAD00E567B7 /* UIView+Extensions.swift */ = {isa = PBXFileReference; lastKnownFileType = sourcecode.swift; path = "UIView+Extensions.swift"; sourceTree = "<group>"; };
		250344EA2836DDC400E567B7 /* DateFormatter+Extensions.swift */ = {isa = PBXFileReference; lastKnownFileType = sourcecode.swift; path = "DateFormatter+Extensions.swift"; sourceTree = "<group>"; };
		250344EC2836DDD600E567B7 /* String+Extensions.swift */ = {isa = PBXFileReference; lastKnownFileType = sourcecode.swift; path = "String+Extensions.swift"; sourceTree = "<group>"; };
		250344F02836DDF800E567B7 /* AVQueuePlayer+Extensions.swift */ = {isa = PBXFileReference; lastKnownFileType = sourcecode.swift; path = "AVQueuePlayer+Extensions.swift"; sourceTree = "<group>"; };
		250344F22836DE1300E567B7 /* Notification+Extensions.swift */ = {isa = PBXFileReference; lastKnownFileType = sourcecode.swift; path = "Notification+Extensions.swift"; sourceTree = "<group>"; };
		250355952835283F0008AFD4 /* LibraryAlbumsResponse.swift */ = {isa = PBXFileReference; lastKnownFileType = sourcecode.swift; path = LibraryAlbumsResponse.swift; sourceTree = "<group>"; };
		250355992835B5E50008AFD4 /* SavedAlbum.swift */ = {isa = PBXFileReference; lastKnownFileType = sourcecode.swift; path = SavedAlbum.swift; sourceTree = "<group>"; };
		2509C1C7281486B400EAF5C0 /* SettingsModels.swift */ = {isa = PBXFileReference; lastKnownFileType = sourcecode.swift; path = SettingsModels.swift; sourceTree = "<group>"; };
		253E92E52824793700449249 /* AlbumTrackCollectionViewCell.swift */ = {isa = PBXFileReference; lastKnownFileType = sourcecode.swift; path = AlbumTrackCollectionViewCell.swift; sourceTree = "<group>"; };
		25538C752822EFEA00C57AD3 /* PlaylistHeaderCollectionReusableView.swift */ = {isa = PBXFileReference; lastKnownFileType = sourcecode.swift; path = PlaylistHeaderCollectionReusableView.swift; sourceTree = "<group>"; };
		25538C772822F29800C57AD3 /* PlaylistHeaderViewViewModel.swift */ = {isa = PBXFileReference; lastKnownFileType = sourcecode.swift; path = PlaylistHeaderViewViewModel.swift; sourceTree = "<group>"; };
		25538C792823163700C57AD3 /* TitleHeaderCollectionReusableView.swift */ = {isa = PBXFileReference; lastKnownFileType = sourcecode.swift; path = TitleHeaderCollectionReusableView.swift; sourceTree = "<group>"; };
		25552A302827F22F0032E5EF /* AllCategoriesResponse.swift */ = {isa = PBXFileReference; lastKnownFileType = sourcecode.swift; path = AllCategoriesResponse.swift; sourceTree = "<group>"; };
		25552A322828749B0032E5EF /* PlaylistResponse.swift */ = {isa = PBXFileReference; lastKnownFileType = sourcecode.swift; path = PlaylistResponse.swift; sourceTree = "<group>"; };
		25552A34282874C30032E5EF /* CategoryPlaylistsResponse.swift */ = {isa = PBXFileReference; lastKnownFileType = sourcecode.swift; path = CategoryPlaylistsResponse.swift; sourceTree = "<group>"; };
		25552A3628287A310032E5EF /* CategoryCollectionViewCellViewModel.swift */ = {isa = PBXFileReference; lastKnownFileType = sourcecode.swift; path = CategoryCollectionViewCellViewModel.swift; sourceTree = "<group>"; };
		25552A38282882CE0032E5EF /* CategoryViewController.swift */ = {isa = PBXFileReference; lastKnownFileType = sourcecode.swift; path = CategoryViewController.swift; sourceTree = "<group>"; };
		25552A3A2829C03B0032E5EF /* SearchResultsResponse.swift */ = {isa = PBXFileReference; lastKnownFileType = sourcecode.swift; path = SearchResultsResponse.swift; sourceTree = "<group>"; };
		25552A3C2829C26D0032E5EF /* SearchResult.swift */ = {isa = PBXFileReference; lastKnownFileType = sourcecode.swift; path = SearchResult.swift; sourceTree = "<group>"; };
		25552A3F282C16220032E5EF /* SearchResultDefaultTableViewCell.swift */ = {isa = PBXFileReference; lastKnownFileType = sourcecode.swift; path = SearchResultDefaultTableViewCell.swift; sourceTree = "<group>"; };
		25552A42282C189F0032E5EF /* SearchResultDefaultTableViewCellViewModel.swift */ = {isa = PBXFileReference; lastKnownFileType = sourcecode.swift; path = SearchResultDefaultTableViewCellViewModel.swift; sourceTree = "<group>"; };
		25552A44282C1DE80032E5EF /* SearchResultSubtitleTableViewCell.swift */ = {isa = PBXFileReference; lastKnownFileType = sourcecode.swift; path = SearchResultSubtitleTableViewCell.swift; sourceTree = "<group>"; };
		25552A46282C1F2D0032E5EF /* SearchResultSubtitleTableViewCellViewModel.swift */ = {isa = PBXFileReference; lastKnownFileType = sourcecode.swift; path = SearchResultSubtitleTableViewCellViewModel.swift; sourceTree = "<group>"; };
		25552A4D282C7C6B0032E5EF /* PlaybackPresenter.swift */ = {isa = PBXFileReference; lastKnownFileType = sourcecode.swift; path = PlaybackPresenter.swift; sourceTree = "<group>"; };
		25552A4F282C82C80032E5EF /* PlayerControlsView.swift */ = {isa = PBXFileReference; lastKnownFileType = sourcecode.swift; path = PlayerControlsView.swift; sourceTree = "<group>"; };
		25552A51282D8F550032E5EF /* PlayerControlsViewViewModel.swift */ = {isa = PBXFileReference; lastKnownFileType = sourcecode.swift; path = PlayerControlsViewViewModel.swift; sourceTree = "<group>"; };
		25552A53282DA5CB0032E5EF /* AlbumsResponse.swift */ = {isa = PBXFileReference; lastKnownFileType = sourcecode.swift; path = AlbumsResponse.swift; sourceTree = "<group>"; };
		25552A55282DA5F90032E5EF /* Album.swift */ = {isa = PBXFileReference; lastKnownFileType = sourcecode.swift; path = Album.swift; sourceTree = "<group>"; };
		25552A58282DD7140032E5EF /* LibraryPlaylistsViewController.swift */ = {isa = PBXFileReference; lastKnownFileType = sourcecode.swift; path = LibraryPlaylistsViewController.swift; sourceTree = "<group>"; };
		25552A5A282DD7380032E5EF /* LibraryAlbumsViewController.swift */ = {isa = PBXFileReference; lastKnownFileType = sourcecode.swift; path = LibraryAlbumsViewController.swift; sourceTree = "<group>"; };
		25552A5C282DDC0A0032E5EF /* LibraryToggleView.swift */ = {isa = PBXFileReference; lastKnownFileType = sourcecode.swift; path = LibraryToggleView.swift; sourceTree = "<group>"; };
		255CA97E2821B21F008C6B2B /* AlbumViewController.swift */ = {isa = PBXFileReference; lastKnownFileType = sourcecode.swift; path = AlbumViewController.swift; sourceTree = "<group>"; };
		255CA9802821BBA5008C6B2B /* AlbumDetailsResponse.swift */ = {isa = PBXFileReference; lastKnownFileType = sourcecode.swift; path = AlbumDetailsResponse.swift; sourceTree = "<group>"; };
		255CA9822821BF45008C6B2B /* PlaylistDetailsResponse.swift */ = {isa = PBXFileReference; lastKnownFileType = sourcecode.swift; path = PlaylistDetailsResponse.swift; sourceTree = "<group>"; };
		255CA9842821C115008C6B2B /* TrackResponse.swift */ = {isa = PBXFileReference; lastKnownFileType = sourcecode.swift; path = TrackResponse.swift; sourceTree = "<group>"; };
		256519C92815ED34004A5A75 /* NewReleasesResponse.swift */ = {isa = PBXFileReference; lastKnownFileType = sourcecode.swift; path = NewReleasesResponse.swift; sourceTree = "<group>"; };
		256519CB2815EEE3004A5A75 /* APIImage.swift */ = {isa = PBXFileReference; lastKnownFileType = sourcecode.swift; path = APIImage.swift; sourceTree = "<group>"; };
		25973D672811728400BC6FDC /* CryptoManager.swift */ = {isa = PBXFileReference; lastKnownFileType = sourcecode.swift; path = CryptoManager.swift; sourceTree = "<group>"; };
		259CE2FF2816C34700D247DF /* FeaturedPlaylistsResponse.swift */ = {isa = PBXFileReference; lastKnownFileType = sourcecode.swift; path = FeaturedPlaylistsResponse.swift; sourceTree = "<group>"; };
		259CE3012816D2F600D247DF /* RecommendedGenreResponse.swift */ = {isa = PBXFileReference; lastKnownFileType = sourcecode.swift; path = RecommendedGenreResponse.swift; sourceTree = "<group>"; };
		259CE30428172B5F00D247DF /* RecommendationsResponse.swift */ = {isa = PBXFileReference; lastKnownFileType = sourcecode.swift; path = RecommendationsResponse.swift; sourceTree = "<group>"; };
		25B4FB0B28109E23009DF190 /* AuthResponse.swift */ = {isa = PBXFileReference; lastKnownFileType = sourcecode.swift; path = AuthResponse.swift; sourceTree = "<group>"; };
		25BD9F5F280856AC00CCACA6 /* SpotifyApp.app */ = {isa = PBXFileReference; explicitFileType = wrapper.application; includeInIndex = 0; path = SpotifyApp.app; sourceTree = BUILT_PRODUCTS_DIR; };
		25BD9F62280856AC00CCACA6 /* AppDelegate.swift */ = {isa = PBXFileReference; lastKnownFileType = sourcecode.swift; path = AppDelegate.swift; sourceTree = "<group>"; };
		25BD9F64280856AC00CCACA6 /* SceneDelegate.swift */ = {isa = PBXFileReference; lastKnownFileType = sourcecode.swift; path = SceneDelegate.swift; sourceTree = "<group>"; };
		25BD9F66280856AC00CCACA6 /* HomeViewController.swift */ = {isa = PBXFileReference; lastKnownFileType = sourcecode.swift; path = HomeViewController.swift; sourceTree = "<group>"; };
		25BD9F6B280856AF00CCACA6 /* Assets.xcassets */ = {isa = PBXFileReference; lastKnownFileType = folder.assetcatalog; path = Assets.xcassets; sourceTree = "<group>"; };
		25BD9F6E280856AF00CCACA6 /* Base */ = {isa = PBXFileReference; lastKnownFileType = file.storyboard; name = Base; path = Base.lproj/LaunchScreen.storyboard; sourceTree = "<group>"; };
		25BD9F70280856AF00CCACA6 /* Info.plist */ = {isa = PBXFileReference; lastKnownFileType = text.plist.xml; path = Info.plist; sourceTree = "<group>"; };
		25BD9F7C280865A600CCACA6 /* TabBarViewController.swift */ = {isa = PBXFileReference; lastKnownFileType = sourcecode.swift; path = TabBarViewController.swift; sourceTree = "<group>"; };
		25BD9F7E2808660900CCACA6 /* SearchViewController.swift */ = {isa = PBXFileReference; lastKnownFileType = sourcecode.swift; path = SearchViewController.swift; sourceTree = "<group>"; };
		25BD9F802808661600CCACA6 /* LibraryViewController.swift */ = {isa = PBXFileReference; lastKnownFileType = sourcecode.swift; path = LibraryViewController.swift; sourceTree = "<group>"; };
		25BD9F842808664B00CCACA6 /* AuthViewController.swift */ = {isa = PBXFileReference; lastKnownFileType = sourcecode.swift; path = AuthViewController.swift; sourceTree = "<group>"; };
		25BD9F862808666200CCACA6 /* WelcomeViewController.swift */ = {isa = PBXFileReference; lastKnownFileType = sourcecode.swift; path = WelcomeViewController.swift; sourceTree = "<group>"; };
		25BD9F882808668600CCACA6 /* SettingsViewController.swift */ = {isa = PBXFileReference; lastKnownFileType = sourcecode.swift; path = SettingsViewController.swift; sourceTree = "<group>"; };
		25BD9F8A280866AA00CCACA6 /* ProfileViewController.swift */ = {isa = PBXFileReference; lastKnownFileType = sourcecode.swift; path = ProfileViewController.swift; sourceTree = "<group>"; };
		25BD9F8C280866BE00CCACA6 /* PlayerViewController.swift */ = {isa = PBXFileReference; lastKnownFileType = sourcecode.swift; path = PlayerViewController.swift; sourceTree = "<group>"; };
		25BD9F8E280866D700CCACA6 /* PlaylistViewController.swift */ = {isa = PBXFileReference; lastKnownFileType = sourcecode.swift; path = PlaylistViewController.swift; sourceTree = "<group>"; };
		25BD9F90280866F100CCACA6 /* SearchResultsViewController.swift */ = {isa = PBXFileReference; lastKnownFileType = sourcecode.swift; path = SearchResultsViewController.swift; sourceTree = "<group>"; };
		25BD9F92280867BE00CCACA6 /* AuthManager.swift */ = {isa = PBXFileReference; lastKnownFileType = sourcecode.swift; path = AuthManager.swift; sourceTree = "<group>"; };
		25BD9F94280867DB00CCACA6 /* APICaller.swift */ = {isa = PBXFileReference; lastKnownFileType = sourcecode.swift; path = APICaller.swift; sourceTree = "<group>"; };
		25BD9F96280867E400CCACA6 /* HapticsManager.swift */ = {isa = PBXFileReference; lastKnownFileType = sourcecode.swift; path = HapticsManager.swift; sourceTree = "<group>"; };
		25BD9F982808683500CCACA6 /* Playlist.swift */ = {isa = PBXFileReference; lastKnownFileType = sourcecode.swift; path = Playlist.swift; sourceTree = "<group>"; };
		25BD9F9A2808684300CCACA6 /* AudioTrack.swift */ = {isa = PBXFileReference; lastKnownFileType = sourcecode.swift; path = AudioTrack.swift; sourceTree = "<group>"; };
		25BD9F9C2808684E00CCACA6 /* Artist.swift */ = {isa = PBXFileReference; lastKnownFileType = sourcecode.swift; path = Artist.swift; sourceTree = "<group>"; };
		25BD9F9E2808685500CCACA6 /* UserProfile.swift */ = {isa = PBXFileReference; lastKnownFileType = sourcecode.swift; path = UserProfile.swift; sourceTree = "<group>"; };
		25BECD25281C6A4500EAE510 /* NewReleasesCellViewModel.swift */ = {isa = PBXFileReference; fileEncoding = 4; lastKnownFileType = sourcecode.swift; path = NewReleasesCellViewModel.swift; sourceTree = "<group>"; };
		25BECD26281C6A4500EAE510 /* FeaturedPlaylistCellViewModel.swift */ = {isa = PBXFileReference; fileEncoding = 4; lastKnownFileType = sourcecode.swift; path = FeaturedPlaylistCellViewModel.swift; sourceTree = "<group>"; };
		25BECD29281C6AB100EAE510 /* RecommendedTrackCellViewModel.swift */ = {isa = PBXFileReference; lastKnownFileType = sourcecode.swift; path = RecommendedTrackCellViewModel.swift; sourceTree = "<group>"; };
		25D33838281856B90047A891 /* NewReleaseCollectionViewCell.swift */ = {isa = PBXFileReference; lastKnownFileType = sourcecode.swift; path = NewReleaseCollectionViewCell.swift; sourceTree = "<group>"; };
		25D3383A281856E50047A891 /* FeaturedPlaylistCollectionViewCell.swift */ = {isa = PBXFileReference; lastKnownFileType = sourcecode.swift; path = FeaturedPlaylistCollectionViewCell.swift; sourceTree = "<group>"; };
		25D3383C2818571F0047A891 /* RecommendedTrackCollectionViewCell.swift */ = {isa = PBXFileReference; lastKnownFileType = sourcecode.swift; path = RecommendedTrackCollectionViewCell.swift; sourceTree = "<group>"; };
		25EB7C82282590960014ED59 /* AlbumCollectionViewCellViewModel.swift */ = {isa = PBXFileReference; lastKnownFileType = sourcecode.swift; path = AlbumCollectionViewCellViewModel.swift; sourceTree = "<group>"; };
		25EFD5B42832D2D2008EB500 /* User.swift */ = {isa = PBXFileReference; lastKnownFileType = sourcecode.swift; path = User.swift; sourceTree = "<group>"; };
		25EFD5B62832D309008EB500 /* LibraryPlaylistsResponse.swift */ = {isa = PBXFileReference; lastKnownFileType = sourcecode.swift; path = LibraryPlaylistsResponse.swift; sourceTree = "<group>"; };
		25EFD5B92832DB2D008EB500 /* ActionLabelView.swift */ = {isa = PBXFileReference; lastKnownFileType = sourcecode.swift; path = ActionLabelView.swift; sourceTree = "<group>"; };
		25EFD5BB2832DEBD008EB500 /* ActionLabelViewViewModel.swift */ = {isa = PBXFileReference; lastKnownFileType = sourcecode.swift; path = ActionLabelViewViewModel.swift; sourceTree = "<group>"; };
		25FE77BC282716D900FF20DB /* GenreCollectionViewCell.swift */ = {isa = PBXFileReference; lastKnownFileType = sourcecode.swift; path = GenreCollectionViewCell.swift; sourceTree = "<group>"; };
		37559DBED06514C98AE84662 /* Pods-SpotifyApp.debug.xcconfig */ = {isa = PBXFileReference; includeInIndex = 1; lastKnownFileType = text.xcconfig; name = "Pods-SpotifyApp.debug.xcconfig"; path = "Target Support Files/Pods-SpotifyApp/Pods-SpotifyApp.debug.xcconfig"; sourceTree = "<group>"; };
		EC2E65BA56FDC4E64AE1E30B /* Pods_SpotifyApp.framework */ = {isa = PBXFileReference; explicitFileType = wrapper.framework; includeInIndex = 0; path = Pods_SpotifyApp.framework; sourceTree = BUILT_PRODUCTS_DIR; };
/* End PBXFileReference section */

/* Begin PBXFrameworksBuildPhase section */
		25BD9F5C280856AC00CCACA6 /* Frameworks */ = {
			isa = PBXFrameworksBuildPhase;
			buildActionMask = 2147483647;
			files = (
				AA5465904C636586202934E5 /* Pods_SpotifyApp.framework in Frameworks */,
			);
			runOnlyForDeploymentPostprocessing = 0;
		};
/* End PBXFrameworksBuildPhase section */

/* Begin PBXGroup section */
		151206137E90E5FA82E27AF2 /* Pods */ = {
			isa = PBXGroup;
			children = (
				37559DBED06514C98AE84662 /* Pods-SpotifyApp.debug.xcconfig */,
				00678E3A32A6B1F77314FD43 /* Pods-SpotifyApp.release.xcconfig */,
			);
			path = Pods;
			sourceTree = "<group>";
		};
		250344E72836DD8000E567B7 /* Extensions */ = {
			isa = PBXGroup;
			children = (
				250344F02836DDF800E567B7 /* AVQueuePlayer+Extensions.swift */,
				250344EA2836DDC400E567B7 /* DateFormatter+Extensions.swift */,
				250344F22836DE1300E567B7 /* Notification+Extensions.swift */,
				250344EC2836DDD600E567B7 /* String+Extensions.swift */,
				250344E82836DDAD00E567B7 /* UIView+Extensions.swift */,
			);
			path = Extensions;
			sourceTree = "<group>";
		};
		25552A3E282C15EC0032E5EF /* SearchResultCells */ = {
			isa = PBXGroup;
			children = (
				25552A3F282C16220032E5EF /* SearchResultDefaultTableViewCell.swift */,
				25552A44282C1DE80032E5EF /* SearchResultSubtitleTableViewCell.swift */,
			);
			path = SearchResultCells;
			sourceTree = "<group>";
		};
		25552A4C282C7C2F0032E5EF /* Presenter */ = {
			isa = PBXGroup;
			children = (
				25552A4D282C7C6B0032E5EF /* PlaybackPresenter.swift */,
			);
			path = Presenter;
			sourceTree = "<group>";
		};
		25552A57282DD6EB0032E5EF /* Library */ = {
			isa = PBXGroup;
			children = (
				25552A58282DD7140032E5EF /* LibraryPlaylistsViewController.swift */,
				25552A5A282DD7380032E5EF /* LibraryAlbumsViewController.swift */,
			);
			path = Library;
			sourceTree = "<group>";
		};
		259CE3032816D3B700D247DF /* Responses */ = {
			isa = PBXGroup;
			children = (
				255CA9802821BBA5008C6B2B /* AlbumDetailsResponse.swift */,
				25552A53282DA5CB0032E5EF /* AlbumsResponse.swift */,
				25552A302827F22F0032E5EF /* AllCategoriesResponse.swift */,
				25B4FB0B28109E23009DF190 /* AuthResponse.swift */,
				25552A34282874C30032E5EF /* CategoryPlaylistsResponse.swift */,
				259CE2FF2816C34700D247DF /* FeaturedPlaylistsResponse.swift */,
				250355952835283F0008AFD4 /* LibraryAlbumsResponse.swift */,
				25EFD5B62832D309008EB500 /* LibraryPlaylistsResponse.swift */,
				256519C92815ED34004A5A75 /* NewReleasesResponse.swift */,
				255CA9822821BF45008C6B2B /* PlaylistDetailsResponse.swift */,
				25552A322828749B0032E5EF /* PlaylistResponse.swift */,
				259CE3012816D2F600D247DF /* RecommendedGenreResponse.swift */,
				259CE30428172B5F00D247DF /* RecommendationsResponse.swift */,
				25552A3A2829C03B0032E5EF /* SearchResultsResponse.swift */,
				255CA9842821C115008C6B2B /* TrackResponse.swift */,
			);
			path = Responses;
			sourceTree = "<group>";
		};
		25BD9F56280856AC00CCACA6 = {
			isa = PBXGroup;
			children = (
				25BD9F61280856AC00CCACA6 /* SpotifyApp */,
				25BD9F60280856AC00CCACA6 /* Products */,
				151206137E90E5FA82E27AF2 /* Pods */,
				9A4D72EADDC5BC9801055476 /* Frameworks */,
			);
			sourceTree = "<group>";
		};
		25BD9F60280856AC00CCACA6 /* Products */ = {
			isa = PBXGroup;
			children = (
				25BD9F5F280856AC00CCACA6 /* SpotifyApp.app */,
			);
			name = Products;
			sourceTree = "<group>";
		};
		25BD9F61280856AC00CCACA6 /* SpotifyApp */ = {
			isa = PBXGroup;
			children = (
				250344E72836DD8000E567B7 /* Extensions */,
				25552A4C282C7C2F0032E5EF /* Presenter */,
				25BD9F79280856D100CCACA6 /* Controllers */,
				25BD9F7B280856EB00CCACA6 /* Managers */,
				25BD9F76280856BF00CCACA6 /* Models */,
				25BD9F7A280856D600CCACA6 /* Resources */,
				25BECD24281C6A2E00EAE510 /* ViewModels */,
				25BD9F77280856C700CCACA6 /* Views */,
				25BD9F70280856AF00CCACA6 /* Info.plist */,
			);
			path = SpotifyApp;
			sourceTree = "<group>";
		};
		25BD9F76280856BF00CCACA6 /* Models */ = {
			isa = PBXGroup;
			children = (
				259CE3032816D3B700D247DF /* Responses */,
				256519CB2815EEE3004A5A75 /* APIImage.swift */,
				25552A55282DA5F90032E5EF /* Album.swift */,
				25BD9F9C2808684E00CCACA6 /* Artist.swift */,
				25BD9F9A2808684300CCACA6 /* AudioTrack.swift */,
				25BD9F982808683500CCACA6 /* Playlist.swift */,
				250355992835B5E50008AFD4 /* SavedAlbum.swift */,
				25552A3C2829C26D0032E5EF /* SearchResult.swift */,
				2509C1C7281486B400EAF5C0 /* SettingsModels.swift */,
				25EFD5B42832D2D2008EB500 /* User.swift */,
				25BD9F9E2808685500CCACA6 /* UserProfile.swift */,
			);
			path = Models;
			sourceTree = "<group>";
		};
		25BD9F77280856C700CCACA6 /* Views */ = {
			isa = PBXGroup;
			children = (
				25D33837281821300047A891 /* Browse */,
				25EFD5B82832DAF6008EB500 /* Library */,
				25552A3E282C15EC0032E5EF /* SearchResultCells */,
				25BD9F6D280856AF00CCACA6 /* LaunchScreen.storyboard */,
				25FE77BC282716D900FF20DB /* GenreCollectionViewCell.swift */,
				25552A4F282C82C80032E5EF /* PlayerControlsView.swift */,
				25538C752822EFEA00C57AD3 /* PlaylistHeaderCollectionReusableView.swift */,
				25538C792823163700C57AD3 /* TitleHeaderCollectionReusableView.swift */,
			);
			path = Views;
			sourceTree = "<group>";
		};
		25BD9F79280856D100CCACA6 /* Controllers */ = {
			isa = PBXGroup;
			children = (
				25BD9F822808661C00CCACA6 /* Core */,
				25BD9F832808662D00CCACA6 /* Other */,
			);
			path = Controllers;
			sourceTree = "<group>";
		};
		25BD9F7A280856D600CCACA6 /* Resources */ = {
			isa = PBXGroup;
			children = (
				25BD9F62280856AC00CCACA6 /* AppDelegate.swift */,
				25BD9F64280856AC00CCACA6 /* SceneDelegate.swift */,
				25BD9F6B280856AF00CCACA6 /* Assets.xcassets */,
			);
			path = Resources;
			sourceTree = "<group>";
		};
		25BD9F7B280856EB00CCACA6 /* Managers */ = {
			isa = PBXGroup;
			children = (
				25BD9F94280867DB00CCACA6 /* APICaller.swift */,
				25BD9F92280867BE00CCACA6 /* AuthManager.swift */,
				25BD9F96280867E400CCACA6 /* HapticsManager.swift */,
				25973D672811728400BC6FDC /* CryptoManager.swift */,
			);
			path = Managers;
			sourceTree = "<group>";
		};
		25BD9F822808661C00CCACA6 /* Core */ = {
			isa = PBXGroup;
			children = (
				25BD9F66280856AC00CCACA6 /* HomeViewController.swift */,
				25BD9F802808661600CCACA6 /* LibraryViewController.swift */,
				25BD9F7E2808660900CCACA6 /* SearchViewController.swift */,
				25BD9F7C280865A600CCACA6 /* TabBarViewController.swift */,
			);
			path = Core;
			sourceTree = "<group>";
		};
		25BD9F832808662D00CCACA6 /* Other */ = {
			isa = PBXGroup;
			children = (
				25552A57282DD6EB0032E5EF /* Library */,
				255CA97E2821B21F008C6B2B /* AlbumViewController.swift */,
				25BD9F842808664B00CCACA6 /* AuthViewController.swift */,
				25BD9F8C280866BE00CCACA6 /* PlayerViewController.swift */,
				25BD9F8E280866D700CCACA6 /* PlaylistViewController.swift */,
				25BD9F8A280866AA00CCACA6 /* ProfileViewController.swift */,
				25BD9F90280866F100CCACA6 /* SearchResultsViewController.swift */,
				25BD9F882808668600CCACA6 /* SettingsViewController.swift */,
				25BD9F862808666200CCACA6 /* WelcomeViewController.swift */,
				25552A38282882CE0032E5EF /* CategoryViewController.swift */,
			);
			path = Other;
			sourceTree = "<group>";
		};
		25BECD24281C6A2E00EAE510 /* ViewModels */ = {
			isa = PBXGroup;
			children = (
				25EB7C82282590960014ED59 /* AlbumCollectionViewCellViewModel.swift */,
				25552A3628287A310032E5EF /* CategoryCollectionViewCellViewModel.swift */,
				25BECD26281C6A4500EAE510 /* FeaturedPlaylistCellViewModel.swift */,
				25BECD25281C6A4500EAE510 /* NewReleasesCellViewModel.swift */,
				25552A51282D8F550032E5EF /* PlayerControlsViewViewModel.swift */,
				25538C772822F29800C57AD3 /* PlaylistHeaderViewViewModel.swift */,
				25BECD29281C6AB100EAE510 /* RecommendedTrackCellViewModel.swift */,
				25552A42282C189F0032E5EF /* SearchResultDefaultTableViewCellViewModel.swift */,
				25552A46282C1F2D0032E5EF /* SearchResultSubtitleTableViewCellViewModel.swift */,
				25EFD5BB2832DEBD008EB500 /* ActionLabelViewViewModel.swift */,
			);
			path = ViewModels;
			sourceTree = "<group>";
		};
		25D33837281821300047A891 /* Browse */ = {
			isa = PBXGroup;
			children = (
				25D33838281856B90047A891 /* NewReleaseCollectionViewCell.swift */,
				25D3383A281856E50047A891 /* FeaturedPlaylistCollectionViewCell.swift */,
				25D3383C2818571F0047A891 /* RecommendedTrackCollectionViewCell.swift */,
				253E92E52824793700449249 /* AlbumTrackCollectionViewCell.swift */,
			);
			path = Browse;
			sourceTree = "<group>";
		};
		25EFD5B82832DAF6008EB500 /* Library */ = {
			isa = PBXGroup;
			children = (
				25EFD5B92832DB2D008EB500 /* ActionLabelView.swift */,
				25552A5C282DDC0A0032E5EF /* LibraryToggleView.swift */,
			);
			path = Library;
			sourceTree = "<group>";
		};
		9A4D72EADDC5BC9801055476 /* Frameworks */ = {
			isa = PBXGroup;
			children = (
				EC2E65BA56FDC4E64AE1E30B /* Pods_SpotifyApp.framework */,
			);
			name = Frameworks;
			sourceTree = "<group>";
		};
/* End PBXGroup section */

/* Begin PBXNativeTarget section */
		25BD9F5E280856AC00CCACA6 /* SpotifyApp */ = {
			isa = PBXNativeTarget;
			buildConfigurationList = 25BD9F73280856AF00CCACA6 /* Build configuration list for PBXNativeTarget "SpotifyApp" */;
			buildPhases = (
				EA6789806BFB77472E553393 /* [CP] Check Pods Manifest.lock */,
				25BD9F5B280856AC00CCACA6 /* Sources */,
				25BD9F5C280856AC00CCACA6 /* Frameworks */,
				25BD9F5D280856AC00CCACA6 /* Resources */,
				AA77503D5262E381B7B45956 /* [CP] Embed Pods Frameworks */,
			);
			buildRules = (
			);
			dependencies = (
			);
			name = SpotifyApp;
			productName = SpotifyApp;
			productReference = 25BD9F5F280856AC00CCACA6 /* SpotifyApp.app */;
			productType = "com.apple.product-type.application";
		};
/* End PBXNativeTarget section */

/* Begin PBXProject section */
		25BD9F57280856AC00CCACA6 /* Project object */ = {
			isa = PBXProject;
			attributes = {
				BuildIndependentTargetsInParallel = 1;
				LastSwiftUpdateCheck = 1320;
				LastUpgradeCheck = 1320;
				TargetAttributes = {
					25BD9F5E280856AC00CCACA6 = {
						CreatedOnToolsVersion = 13.2.1;
					};
				};
			};
			buildConfigurationList = 25BD9F5A280856AC00CCACA6 /* Build configuration list for PBXProject "SpotifyApp" */;
			compatibilityVersion = "Xcode 13.0";
			developmentRegion = en;
			hasScannedForEncodings = 0;
			knownRegions = (
				en,
				Base,
			);
			mainGroup = 25BD9F56280856AC00CCACA6;
			productRefGroup = 25BD9F60280856AC00CCACA6 /* Products */;
			projectDirPath = "";
			projectRoot = "";
			targets = (
				25BD9F5E280856AC00CCACA6 /* SpotifyApp */,
			);
		};
/* End PBXProject section */

/* Begin PBXResourcesBuildPhase section */
		25BD9F5D280856AC00CCACA6 /* Resources */ = {
			isa = PBXResourcesBuildPhase;
			buildActionMask = 2147483647;
			files = (
				25BD9F6F280856AF00CCACA6 /* LaunchScreen.storyboard in Resources */,
				25BD9F6C280856AF00CCACA6 /* Assets.xcassets in Resources */,
			);
			runOnlyForDeploymentPostprocessing = 0;
		};
/* End PBXResourcesBuildPhase section */

/* Begin PBXShellScriptBuildPhase section */
		AA77503D5262E381B7B45956 /* [CP] Embed Pods Frameworks */ = {
			isa = PBXShellScriptBuildPhase;
			buildActionMask = 2147483647;
			files = (
			);
			inputFileListPaths = (
				"${PODS_ROOT}/Target Support Files/Pods-SpotifyApp/Pods-SpotifyApp-frameworks-${CONFIGURATION}-input-files.xcfilelist",
			);
			name = "[CP] Embed Pods Frameworks";
			outputFileListPaths = (
				"${PODS_ROOT}/Target Support Files/Pods-SpotifyApp/Pods-SpotifyApp-frameworks-${CONFIGURATION}-output-files.xcfilelist",
			);
			runOnlyForDeploymentPostprocessing = 0;
			shellPath = /bin/sh;
			shellScript = "\"${PODS_ROOT}/Target Support Files/Pods-SpotifyApp/Pods-SpotifyApp-frameworks.sh\"\n";
			showEnvVarsInLog = 0;
		};
		EA6789806BFB77472E553393 /* [CP] Check Pods Manifest.lock */ = {
			isa = PBXShellScriptBuildPhase;
			buildActionMask = 2147483647;
			files = (
			);
			inputFileListPaths = (
			);
			inputPaths = (
				"${PODS_PODFILE_DIR_PATH}/Podfile.lock",
				"${PODS_ROOT}/Manifest.lock",
			);
			name = "[CP] Check Pods Manifest.lock";
			outputFileListPaths = (
			);
			outputPaths = (
				"$(DERIVED_FILE_DIR)/Pods-SpotifyApp-checkManifestLockResult.txt",
			);
			runOnlyForDeploymentPostprocessing = 0;
			shellPath = /bin/sh;
			shellScript = "diff \"${PODS_PODFILE_DIR_PATH}/Podfile.lock\" \"${PODS_ROOT}/Manifest.lock\" > /dev/null\nif [ $? != 0 ] ; then\n    # print error to STDERR\n    echo \"error: The sandbox is not in sync with the Podfile.lock. Run 'pod install' or update your CocoaPods installation.\" >&2\n    exit 1\nfi\n# This output is used by Xcode 'outputs' to avoid re-running this script phase.\necho \"SUCCESS\" > \"${SCRIPT_OUTPUT_FILE_0}\"\n";
			showEnvVarsInLog = 0;
		};
/* End PBXShellScriptBuildPhase section */

/* Begin PBXSourcesBuildPhase section */
		25BD9F5B280856AC00CCACA6 /* Sources */ = {
			isa = PBXSourcesBuildPhase;
			buildActionMask = 2147483647;
			files = (
				25538C782822F29800C57AD3 /* PlaylistHeaderViewViewModel.swift in Sources */,
				250344F32836DE1300E567B7 /* Notification+Extensions.swift in Sources */,
				25BECD27281C6A4500EAE510 /* NewReleasesCellViewModel.swift in Sources */,
				253E92E62824793700449249 /* AlbumTrackCollectionViewCell.swift in Sources */,
				25BD9F7F2808660900CCACA6 /* SearchViewController.swift in Sources */,
				25552A5D282DDC0A0032E5EF /* LibraryToggleView.swift in Sources */,
				25552A59282DD7140032E5EF /* LibraryPlaylistsViewController.swift in Sources */,
				25538C762822EFEA00C57AD3 /* PlaylistHeaderCollectionReusableView.swift in Sources */,
				25D33839281856B90047A891 /* NewReleaseCollectionViewCell.swift in Sources */,
				25D3383D2818571F0047A891 /* RecommendedTrackCollectionViewCell.swift in Sources */,
				25FE77BD282716D900FF20DB /* GenreCollectionViewCell.swift in Sources */,
				25552A3B2829C03B0032E5EF /* SearchResultsResponse.swift in Sources */,
				250344ED2836DDD600E567B7 /* String+Extensions.swift in Sources */,
				25BECD2A281C6AB100EAE510 /* RecommendedTrackCellViewModel.swift in Sources */,
				25BECD28281C6A4500EAE510 /* FeaturedPlaylistCellViewModel.swift in Sources */,
				25EFD5B52832D2D2008EB500 /* User.swift in Sources */,
				25BD9F992808683500CCACA6 /* Playlist.swift in Sources */,
				25EFD5BA2832DB2D008EB500 /* ActionLabelView.swift in Sources */,
				25BD9F93280867BE00CCACA6 /* AuthManager.swift in Sources */,
				25BD9F91280866F100CCACA6 /* SearchResultsViewController.swift in Sources */,
				2509C1C8281486B400EAF5C0 /* SettingsModels.swift in Sources */,
				25B4FB0C28109E23009DF190 /* AuthResponse.swift in Sources */,
				256519CC2815EEE3004A5A75 /* APIImage.swift in Sources */,
				255CA97F2821B21F008C6B2B /* AlbumViewController.swift in Sources */,
				25EFD5BC2832DEBD008EB500 /* ActionLabelViewViewModel.swift in Sources */,
				255CA9832821BF45008C6B2B /* PlaylistDetailsResponse.swift in Sources */,
				25552A50282C82C80032E5EF /* PlayerControlsView.swift in Sources */,
				25552A47282C1F2D0032E5EF /* SearchResultSubtitleTableViewCellViewModel.swift in Sources */,
				25EFD5B72832D309008EB500 /* LibraryPlaylistsResponse.swift in Sources */,
				25552A45282C1DE80032E5EF /* SearchResultSubtitleTableViewCell.swift in Sources */,
				255CA9852821C115008C6B2B /* TrackResponse.swift in Sources */,
				2503559A2835B5E50008AFD4 /* SavedAlbum.swift in Sources */,
				25538C7A2823163700C57AD3 /* TitleHeaderCollectionReusableView.swift in Sources */,
				25552A39282882CE0032E5EF /* CategoryViewController.swift in Sources */,
				250344E92836DDAD00E567B7 /* UIView+Extensions.swift in Sources */,
				25BD9F872808666200CCACA6 /* WelcomeViewController.swift in Sources */,
				250344F12836DDF800E567B7 /* AVQueuePlayer+Extensions.swift in Sources */,
				25EB7C83282590960014ED59 /* AlbumCollectionViewCellViewModel.swift in Sources */,
				25552A5B282DD7380032E5EF /* LibraryAlbumsViewController.swift in Sources */,
				25552A3728287A310032E5EF /* CategoryCollectionViewCellViewModel.swift in Sources */,
				256519CA2815ED34004A5A75 /* NewReleasesResponse.swift in Sources */,
				25973D682811728400BC6FDC /* CryptoManager.swift in Sources */,
				25BD9F8B280866AA00CCACA6 /* ProfileViewController.swift in Sources */,
				25BD9F7D280865A600CCACA6 /* TabBarViewController.swift in Sources */,
				25BD9F97280867E400CCACA6 /* HapticsManager.swift in Sources */,
				25552A35282874C30032E5EF /* CategoryPlaylistsResponse.swift in Sources */,
				25BD9F9B2808684300CCACA6 /* AudioTrack.swift in Sources */,
				25552A40282C16220032E5EF /* SearchResultDefaultTableViewCell.swift in Sources */,
				25BD9F67280856AC00CCACA6 /* HomeViewController.swift in Sources */,
				25552A54282DA5CB0032E5EF /* AlbumsResponse.swift in Sources */,
				255CA9812821BBA5008C6B2B /* AlbumDetailsResponse.swift in Sources */,
				25BD9F852808664B00CCACA6 /* AuthViewController.swift in Sources */,
				25552A56282DA5F90032E5EF /* Album.swift in Sources */,
				25BD9F63280856AC00CCACA6 /* AppDelegate.swift in Sources */,
				25BD9F9F2808685500CCACA6 /* UserProfile.swift in Sources */,
				25D3383B281856E50047A891 /* FeaturedPlaylistCollectionViewCell.swift in Sources */,
				25BD9F812808661600CCACA6 /* LibraryViewController.swift in Sources */,
				25552A4E282C7C6B0032E5EF /* PlaybackPresenter.swift in Sources */,
				25552A332828749B0032E5EF /* PlaylistResponse.swift in Sources */,
				250355962835283F0008AFD4 /* LibraryAlbumsResponse.swift in Sources */,
				25BD9F9D2808684E00CCACA6 /* Artist.swift in Sources */,
				25BD9F8F280866D700CCACA6 /* PlaylistViewController.swift in Sources */,
				259CE3002816C34700D247DF /* FeaturedPlaylistsResponse.swift in Sources */,
				25BD9F65280856AC00CCACA6 /* SceneDelegate.swift in Sources */,
				250344EB2836DDC400E567B7 /* DateFormatter+Extensions.swift in Sources */,
				259CE3022816D2F600D247DF /* RecommendedGenreResponse.swift in Sources */,
				25552A3D2829C26D0032E5EF /* SearchResult.swift in Sources */,
				25BD9F8D280866BE00CCACA6 /* PlayerViewController.swift in Sources */,
				25552A43282C189F0032E5EF /* SearchResultDefaultTableViewCellViewModel.swift in Sources */,
				25BD9F95280867DB00CCACA6 /* APICaller.swift in Sources */,
				25BD9F892808668600CCACA6 /* SettingsViewController.swift in Sources */,
				25552A312827F22F0032E5EF /* AllCategoriesResponse.swift in Sources */,
				259CE30528172B5F00D247DF /* RecommendationsResponse.swift in Sources */,
				25552A52282D8F550032E5EF /* PlayerControlsViewViewModel.swift in Sources */,
			);
			runOnlyForDeploymentPostprocessing = 0;
		};
/* End PBXSourcesBuildPhase section */

/* Begin PBXVariantGroup section */
		25BD9F6D280856AF00CCACA6 /* LaunchScreen.storyboard */ = {
			isa = PBXVariantGroup;
			children = (
				25BD9F6E280856AF00CCACA6 /* Base */,
			);
			name = LaunchScreen.storyboard;
			sourceTree = "<group>";
		};
/* End PBXVariantGroup section */

/* Begin XCBuildConfiguration section */
		25BD9F71280856AF00CCACA6 /* Debug */ = {
			isa = XCBuildConfiguration;
			buildSettings = {
				ALWAYS_SEARCH_USER_PATHS = NO;
				CLANG_ANALYZER_NONNULL = YES;
				CLANG_ANALYZER_NUMBER_OBJECT_CONVERSION = YES_AGGRESSIVE;
				CLANG_CXX_LANGUAGE_STANDARD = "gnu++17";
				CLANG_CXX_LIBRARY = "libc++";
				CLANG_ENABLE_MODULES = YES;
				CLANG_ENABLE_OBJC_ARC = YES;
				CLANG_ENABLE_OBJC_WEAK = YES;
				CLANG_WARN_BLOCK_CAPTURE_AUTORELEASING = YES;
				CLANG_WARN_BOOL_CONVERSION = YES;
				CLANG_WARN_COMMA = YES;
				CLANG_WARN_CONSTANT_CONVERSION = YES;
				CLANG_WARN_DEPRECATED_OBJC_IMPLEMENTATIONS = YES;
				CLANG_WARN_DIRECT_OBJC_ISA_USAGE = YES_ERROR;
				CLANG_WARN_DOCUMENTATION_COMMENTS = YES;
				CLANG_WARN_EMPTY_BODY = YES;
				CLANG_WARN_ENUM_CONVERSION = YES;
				CLANG_WARN_INFINITE_RECURSION = YES;
				CLANG_WARN_INT_CONVERSION = YES;
				CLANG_WARN_NON_LITERAL_NULL_CONVERSION = YES;
				CLANG_WARN_OBJC_IMPLICIT_RETAIN_SELF = YES;
				CLANG_WARN_OBJC_LITERAL_CONVERSION = YES;
				CLANG_WARN_OBJC_ROOT_CLASS = YES_ERROR;
				CLANG_WARN_QUOTED_INCLUDE_IN_FRAMEWORK_HEADER = YES;
				CLANG_WARN_RANGE_LOOP_ANALYSIS = YES;
				CLANG_WARN_STRICT_PROTOTYPES = YES;
				CLANG_WARN_SUSPICIOUS_MOVE = YES;
				CLANG_WARN_UNGUARDED_AVAILABILITY = YES_AGGRESSIVE;
				CLANG_WARN_UNREACHABLE_CODE = YES;
				CLANG_WARN__DUPLICATE_METHOD_MATCH = YES;
				COPY_PHASE_STRIP = NO;
				DEBUG_INFORMATION_FORMAT = dwarf;
				ENABLE_STRICT_OBJC_MSGSEND = YES;
				ENABLE_TESTABILITY = YES;
				GCC_C_LANGUAGE_STANDARD = gnu11;
				GCC_DYNAMIC_NO_PIC = NO;
				GCC_NO_COMMON_BLOCKS = YES;
				GCC_OPTIMIZATION_LEVEL = 0;
				GCC_PREPROCESSOR_DEFINITIONS = (
					"DEBUG=1",
					"$(inherited)",
				);
				GCC_WARN_64_TO_32_BIT_CONVERSION = YES;
				GCC_WARN_ABOUT_RETURN_TYPE = YES_ERROR;
				GCC_WARN_UNDECLARED_SELECTOR = YES;
				GCC_WARN_UNINITIALIZED_AUTOS = YES_AGGRESSIVE;
				GCC_WARN_UNUSED_FUNCTION = YES;
				GCC_WARN_UNUSED_VARIABLE = YES;
				IPHONEOS_DEPLOYMENT_TARGET = 15.2;
				MTL_ENABLE_DEBUG_INFO = INCLUDE_SOURCE;
				MTL_FAST_MATH = YES;
				ONLY_ACTIVE_ARCH = YES;
				SDKROOT = iphoneos;
				SWIFT_ACTIVE_COMPILATION_CONDITIONS = DEBUG;
				SWIFT_OPTIMIZATION_LEVEL = "-Onone";
			};
			name = Debug;
		};
		25BD9F72280856AF00CCACA6 /* Release */ = {
			isa = XCBuildConfiguration;
			buildSettings = {
				ALWAYS_SEARCH_USER_PATHS = NO;
				CLANG_ANALYZER_NONNULL = YES;
				CLANG_ANALYZER_NUMBER_OBJECT_CONVERSION = YES_AGGRESSIVE;
				CLANG_CXX_LANGUAGE_STANDARD = "gnu++17";
				CLANG_CXX_LIBRARY = "libc++";
				CLANG_ENABLE_MODULES = YES;
				CLANG_ENABLE_OBJC_ARC = YES;
				CLANG_ENABLE_OBJC_WEAK = YES;
				CLANG_WARN_BLOCK_CAPTURE_AUTORELEASING = YES;
				CLANG_WARN_BOOL_CONVERSION = YES;
				CLANG_WARN_COMMA = YES;
				CLANG_WARN_CONSTANT_CONVERSION = YES;
				CLANG_WARN_DEPRECATED_OBJC_IMPLEMENTATIONS = YES;
				CLANG_WARN_DIRECT_OBJC_ISA_USAGE = YES_ERROR;
				CLANG_WARN_DOCUMENTATION_COMMENTS = YES;
				CLANG_WARN_EMPTY_BODY = YES;
				CLANG_WARN_ENUM_CONVERSION = YES;
				CLANG_WARN_INFINITE_RECURSION = YES;
				CLANG_WARN_INT_CONVERSION = YES;
				CLANG_WARN_NON_LITERAL_NULL_CONVERSION = YES;
				CLANG_WARN_OBJC_IMPLICIT_RETAIN_SELF = YES;
				CLANG_WARN_OBJC_LITERAL_CONVERSION = YES;
				CLANG_WARN_OBJC_ROOT_CLASS = YES_ERROR;
				CLANG_WARN_QUOTED_INCLUDE_IN_FRAMEWORK_HEADER = YES;
				CLANG_WARN_RANGE_LOOP_ANALYSIS = YES;
				CLANG_WARN_STRICT_PROTOTYPES = YES;
				CLANG_WARN_SUSPICIOUS_MOVE = YES;
				CLANG_WARN_UNGUARDED_AVAILABILITY = YES_AGGRESSIVE;
				CLANG_WARN_UNREACHABLE_CODE = YES;
				CLANG_WARN__DUPLICATE_METHOD_MATCH = YES;
				COPY_PHASE_STRIP = NO;
				DEBUG_INFORMATION_FORMAT = "dwarf-with-dsym";
				ENABLE_NS_ASSERTIONS = NO;
				ENABLE_STRICT_OBJC_MSGSEND = YES;
				GCC_C_LANGUAGE_STANDARD = gnu11;
				GCC_NO_COMMON_BLOCKS = YES;
				GCC_WARN_64_TO_32_BIT_CONVERSION = YES;
				GCC_WARN_ABOUT_RETURN_TYPE = YES_ERROR;
				GCC_WARN_UNDECLARED_SELECTOR = YES;
				GCC_WARN_UNINITIALIZED_AUTOS = YES_AGGRESSIVE;
				GCC_WARN_UNUSED_FUNCTION = YES;
				GCC_WARN_UNUSED_VARIABLE = YES;
				IPHONEOS_DEPLOYMENT_TARGET = 15.2;
				MTL_ENABLE_DEBUG_INFO = NO;
				MTL_FAST_MATH = YES;
				SDKROOT = iphoneos;
				SWIFT_COMPILATION_MODE = wholemodule;
				SWIFT_OPTIMIZATION_LEVEL = "-O";
				VALIDATE_PRODUCT = YES;
			};
			name = Release;
		};
		25BD9F74280856AF00CCACA6 /* Debug */ = {
			isa = XCBuildConfiguration;
			baseConfigurationReference = 37559DBED06514C98AE84662 /* Pods-SpotifyApp.debug.xcconfig */;
			buildSettings = {
				ASSETCATALOG_COMPILER_APPICON_NAME = AppIcon;
				ASSETCATALOG_COMPILER_GLOBAL_ACCENT_COLOR_NAME = AccentColor;
				CODE_SIGN_STYLE = Automatic;
				CURRENT_PROJECT_VERSION = 1;
				DEVELOPMENT_TEAM = U59AG2293A;
				GENERATE_INFOPLIST_FILE = YES;
				INFOPLIST_FILE = SpotifyApp/Info.plist;
				INFOPLIST_KEY_UIApplicationSupportsIndirectInputEvents = YES;
				INFOPLIST_KEY_UILaunchStoryboardName = LaunchScreen;
				INFOPLIST_KEY_UISupportedInterfaceOrientations = UIInterfaceOrientationPortrait;
				INFOPLIST_KEY_UISupportedInterfaceOrientations_iPad = "UIInterfaceOrientationPortrait UIInterfaceOrientationPortraitUpsideDown UIInterfaceOrientationLandscapeLeft UIInterfaceOrientationLandscapeRight";
				INFOPLIST_KEY_UISupportedInterfaceOrientations_iPhone = "UIInterfaceOrientationPortrait UIInterfaceOrientationLandscapeLeft UIInterfaceOrientationLandscapeRight";
				IPHONEOS_DEPLOYMENT_TARGET = 14.0;
				LD_RUNPATH_SEARCH_PATHS = (
					"$(inherited)",
					"@executable_path/Frameworks",
				);
				MARKETING_VERSION = 1.0;
				PRODUCT_BUNDLE_IDENTIFIER = com.dmitrypyzhov.SpotifyApp;
				PRODUCT_NAME = "$(TARGET_NAME)";
				SWIFT_EMIT_LOC_STRINGS = YES;
				SWIFT_VERSION = 5.0;
				TARGETED_DEVICE_FAMILY = 1;
			};
			name = Debug;
		};
		25BD9F75280856AF00CCACA6 /* Release */ = {
			isa = XCBuildConfiguration;
			baseConfigurationReference = 00678E3A32A6B1F77314FD43 /* Pods-SpotifyApp.release.xcconfig */;
			buildSettings = {
				ASSETCATALOG_COMPILER_APPICON_NAME = AppIcon;
				ASSETCATALOG_COMPILER_GLOBAL_ACCENT_COLOR_NAME = AccentColor;
				CODE_SIGN_STYLE = Automatic;
				CURRENT_PROJECT_VERSION = 1;
				DEVELOPMENT_TEAM = U59AG2293A;
				GENERATE_INFOPLIST_FILE = YES;
				INFOPLIST_FILE = SpotifyApp/Info.plist;
				INFOPLIST_KEY_UIApplicationSupportsIndirectInputEvents = YES;
				INFOPLIST_KEY_UILaunchStoryboardName = LaunchScreen;
				INFOPLIST_KEY_UISupportedInterfaceOrientations = UIInterfaceOrientationPortrait;
				INFOPLIST_KEY_UISupportedInterfaceOrientations_iPad = "UIInterfaceOrientationPortrait UIInterfaceOrientationPortraitUpsideDown UIInterfaceOrientationLandscapeLeft UIInterfaceOrientationLandscapeRight";
				INFOPLIST_KEY_UISupportedInterfaceOrientations_iPhone = "UIInterfaceOrientationPortrait UIInterfaceOrientationLandscapeLeft UIInterfaceOrientationLandscapeRight";
				IPHONEOS_DEPLOYMENT_TARGET = 14.0;
				LD_RUNPATH_SEARCH_PATHS = (
					"$(inherited)",
					"@executable_path/Frameworks",
				);
				MARKETING_VERSION = 1.0;
				PRODUCT_BUNDLE_IDENTIFIER = com.dmitrypyzhov.SpotifyApp;
				PRODUCT_NAME = "$(TARGET_NAME)";
				SWIFT_EMIT_LOC_STRINGS = YES;
				SWIFT_VERSION = 5.0;
				TARGETED_DEVICE_FAMILY = 1;
			};
			name = Release;
		};
/* End XCBuildConfiguration section */

/* Begin XCConfigurationList section */
		25BD9F5A280856AC00CCACA6 /* Build configuration list for PBXProject "SpotifyApp" */ = {
			isa = XCConfigurationList;
			buildConfigurations = (
				25BD9F71280856AF00CCACA6 /* Debug */,
				25BD9F72280856AF00CCACA6 /* Release */,
			);
			defaultConfigurationIsVisible = 0;
			defaultConfigurationName = Release;
		};
		25BD9F73280856AF00CCACA6 /* Build configuration list for PBXNativeTarget "SpotifyApp" */ = {
			isa = XCConfigurationList;
			buildConfigurations = (
				25BD9F74280856AF00CCACA6 /* Debug */,
				25BD9F75280856AF00CCACA6 /* Release */,
			);
			defaultConfigurationIsVisible = 0;
			defaultConfigurationName = Release;
		};
/* End XCConfigurationList section */
	};
	rootObject = 25BD9F57280856AC00CCACA6 /* Project object */;
}
